
Microsoft Visual Studio Solution File, Format Version 12.00
# RemObjects Fire
Project("{656346D9-4656-40DA-A068-22D5425D4639}") = "CreateZipConsoleApplication", "CreateZipConsoleApplication\CreateZipConsoleApplication.elements", "{B8C2D3D0-991B-4FD5-855A-D26070904A17}"
EndProject
Project("{656346D9-4656-40DA-A068-22D5425D4639}") = "S3UploadConsoleApplication", "S3UploadConsoleApplication\S3UploadConsoleApplication.elements", "{473835A1-1E0B-4BA9-9BE5-9BED4E2633AC}"
EndProject
Global
	GlobalSection(SolutionConfigurationPlatforms) = preSolution
		Debug|AnyCPU = Debug|AnyCPU
		Release|AnyCPU = Release|AnyCPU
	EndGlobalSection
	GlobalSection(ProjectConfigurationPlatforms) = postSolution
		{B8C2D3D0-991B-4FD5-855A-D26070904A17}.Debug|AnyCPU.ActiveCfg = Debug|AnyCPU
		{B8C2D3D0-991B-4FD5-855A-D26070904A17}.Debug|AnyCPU.Build.0 = Debug|AnyCPU
		{B8C2D3D0-991B-4FD5-855A-D26070904A17}.Release|AnyCPU.ActiveCfg = Release|AnyCPU
		{B8C2D3D0-991B-4FD5-855A-D26070904A17}.Release|AnyCPU.Build.0 = Release|AnyCPU
		{473835A1-1E0B-4BA9-9BE5-9BED4E2633AC}.Debug|AnyCPU.ActiveCfg = Debug|AnyCPU
		{473835A1-1E0B-4BA9-9BE5-9BED4E2633AC}.Debug|AnyCPU.Build.0 = Debug|AnyCPU
		{473835A1-1E0B-4BA9-9BE5-9BED4E2633AC}.Release|AnyCPU.ActiveCfg = Release|AnyCPU
		{473835A1-1E0B-4BA9-9BE5-9BED4E2633AC}.Release|AnyCPU.Build.0 = Release|AnyCPU
	EndGlobalSection
	GlobalSection(SolutionProperties) = preSolution
		HideSolutionNode = FALSE
	EndGlobalSection
EndGlobal